
Microsoft Visual Studio Solution File, Format Version 12.00
# Visual Studio 15
VisualStudioVersion = 15.0.27004.2005
MinimumVisualStudioVersion = 10.0.40219.1
Project("{9092AA53-FB77-4645-B42D-1CCCA6BD08BD}") = "NodejsWebApp1", "NodejsWebApp1\NodejsWebApp1.njsproj", "{72DCA9C9-3398-4F17-B01A-C8C20379884C}"
EndProject
Project("{CC5FD16D-436D-48AD-A40C-5A424C6E3E79}") = "NodejsWebApp1.Azure", "NodejsWebApp1.Azure\NodejsWebApp1.Azure.ccproj", "{6A082DD4-25A4-437B-B3D8-68EB73F917B2}"
EndProject
Global
	GlobalSection(SolutionConfigurationPlatforms) = preSolution
		Debug|Any CPU = Debug|Any CPU
		Release|Any CPU = Release|Any CPU
	EndGlobalSection
	GlobalSection(ProjectConfigurationPlatforms) = postSolution
		{72DCA9C9-3398-4F17-B01A-C8C20379884C}.Debug|Any CPU.ActiveCfg = Debug|Any CPU
		{72DCA9C9-3398-4F17-B01A-C8C20379884C}.Debug|Any CPU.Build.0 = Debug|Any CPU
		{72DCA9C9-3398-4F17-B01A-C8C20379884C}.Release|Any CPU.ActiveCfg = Release|Any CPU
		{72DCA9C9-3398-4F17-B01A-C8C20379884C}.Release|Any CPU.Build.0 = Release|Any CPU
		{6A082DD4-25A4-437B-B3D8-68EB73F917B2}.Debug|Any CPU.ActiveCfg = Debug|Any CPU
		{6A082DD4-25A4-437B-B3D8-68EB73F917B2}.Debug|Any CPU.Build.0 = Debug|Any CPU
		{6A082DD4-25A4-437B-B3D8-68EB73F917B2}.Release|Any CPU.ActiveCfg = Release|Any CPU
		{6A082DD4-25A4-437B-B3D8-68EB73F917B2}.Release|Any CPU.Build.0 = Release|Any CPU
	EndGlobalSection
	GlobalSection(SolutionProperties) = preSolution
		HideSolutionNode = FALSE
	EndGlobalSection
	GlobalSection(ExtensibilityGlobals) = postSolution
		SolutionGuid = {719F3E17-1F8E-44DB-9B62-976D0D1EF1B8}
	EndGlobalSection
EndGlobal
